
Microsoft Visual Studio Solution File, Format Version 12.00
# Visual Studio Version 17
VisualStudioVersion = 17.13.35806.99 d17.13
MinimumVisualStudioVersion = 10.0.40219.1
Project("{FAE04EC0-301F-11D3-BF4B-00C04F79EFBC}") = "Qib", "..\Qib\Qib.csproj", "{AEF01D2B-1C3C-4A3A-805C-BED0BA9F911A}"
EndProject
Global
	GlobalSection(SolutionConfigurationPlatforms) = preSolution
		Debug|Any CPU = Debug|Any CPU
		Release|Any CPU = Release|Any CPU
	EndGlobalSection
	GlobalSection(ProjectConfigurationPlatforms) = postSolution
		{AEF01D2B-1C3C-4A3A-805C-BED0BA9F911A}.Debug|Any CPU.ActiveCfg = Debug|Any CPU
		{AEF01D2B-1C3C-4A3A-805C-BED0BA9F911A}.Debug|Any CPU.Build.0 = Debug|Any CPU
		{AEF01D2B-1C3C-4A3A-805C-BED0BA9F911A}.Release|Any CPU.ActiveCfg = Release|Any CPU
		{AEF01D2B-1C3C-4A3A-805C-BED0BA9F911A}.Release|Any CPU.Build.0 = Release|Any CPU
	EndGlobalSection
	GlobalSection(SolutionProperties) = preSolution
		HideSolutionNode = FALSE
	EndGlobalSection
	GlobalSection(ExtensibilityGlobals) = postSolution
		SolutionGuid = {5E5ABB2B-0409-4C83-AE0B-67DDEEDB8911}
	EndGlobalSection
EndGlobal
